
Microsoft Visual Studio Solution File, Format Version 12.00
# Visual Studio Version 17
VisualStudioVersion = 17.4.33110.190
MinimumVisualStudioVersion = 10.0.40219.1
Project("{9A19103F-16F7-4668-BE54-9A1E7A4F7556}") = "B2BQA", "BrandHub\B2BQA.csproj", "{58D93CDF-9B38-4146-886E-77C5088B760B}"
EndProject
Project("{9A19103F-16F7-4668-BE54-9A1E7A4F7556}") = "Brandhub.Business", "BuisnessLogicLayer\Brandhub.Business.csproj", "{37FD6D8F-12F1-4C36-9FD1-31E5531A89E9}"
EndProject
Project("{9A19103F-16F7-4668-BE54-9A1E7A4F7556}") = "BrandHub.Map", "DataAccessLayer\BrandHub.Map.csproj", "{05F31CD3-6D98-40BF-8B3D-11ED2EA7A9E0}"
EndProject
Global
	GlobalSection(SolutionConfigurationPlatforms) = preSolution
		Debug|Any CPU = Debug|Any CPU
		Release|Any CPU = Release|Any CPU
	EndGlobalSection
	GlobalSection(ProjectConfigurationPlatforms) = postSolution
		{58D93CDF-9B38-4146-886E-77C5088B760B}.Debug|Any CPU.ActiveCfg = Debug|Any CPU
		{58D93CDF-9B38-4146-886E-77C5088B760B}.Debug|Any CPU.Build.0 = Debug|Any CPU
		{58D93CDF-9B38-4146-886E-77C5088B760B}.Release|Any CPU.ActiveCfg = Release|Any CPU
		{58D93CDF-9B38-4146-886E-77C5088B760B}.Release|Any CPU.Build.0 = Release|Any CPU
		{37FD6D8F-12F1-4C36-9FD1-31E5531A89E9}.Debug|Any CPU.ActiveCfg = Debug|Any CPU
		{37FD6D8F-12F1-4C36-9FD1-31E5531A89E9}.Debug|Any CPU.Build.0 = Debug|Any CPU
		{37FD6D8F-12F1-4C36-9FD1-31E5531A89E9}.Release|Any CPU.ActiveCfg = Release|Any CPU
		{37FD6D8F-12F1-4C36-9FD1-31E5531A89E9}.Release|Any CPU.Build.0 = Release|Any CPU
		{05F31CD3-6D98-40BF-8B3D-11ED2EA7A9E0}.Debug|Any CPU.ActiveCfg = Debug|Any CPU
		{05F31CD3-6D98-40BF-8B3D-11ED2EA7A9E0}.Debug|Any CPU.Build.0 = Debug|Any CPU
		{05F31CD3-6D98-40BF-8B3D-11ED2EA7A9E0}.Release|Any CPU.ActiveCfg = Release|Any CPU
		{05F31CD3-6D98-40BF-8B3D-11ED2EA7A9E0}.Release|Any CPU.Build.0 = Release|Any CPU
	EndGlobalSection
	GlobalSection(SolutionProperties) = preSolution
		HideSolutionNode = FALSE
	EndGlobalSection
	GlobalSection(ExtensibilityGlobals) = postSolution
		SolutionGuid = {91AF917B-C11D-4DE8-AF43-1D53E7B93B18}
	EndGlobalSection
EndGlobal
